
Microsoft Visual Studio Solution File, Format Version 12.00
# Visual Studio Version 17
VisualStudioVersion = 17.6.33829.357
MinimumVisualStudioVersion = 10.0.40219.1
Project("{FAE04EC0-301F-11D3-BF4B-00C04F79EFBC}") = "MyWorkDetailsProject", "MyWorkDetailsProject.csproj", "{5EB663EA-F43D-4608-91D9-31DA078A2F64}"
EndProject
Global
	GlobalSection(SolutionConfigurationPlatforms) = preSolution
		Debug|Any CPU = Debug|Any CPU
		Release|Any CPU = Release|Any CPU
	EndGlobalSection
	GlobalSection(ProjectConfigurationPlatforms) = postSolution
		{5EB663EA-F43D-4608-91D9-31DA078A2F64}.Debug|Any CPU.ActiveCfg = Debug|Any CPU
		{5EB663EA-F43D-4608-91D9-31DA078A2F64}.Debug|Any CPU.Build.0 = Debug|Any CPU
		{5EB663EA-F43D-4608-91D9-31DA078A2F64}.Release|Any CPU.ActiveCfg = Release|Any CPU
		{5EB663EA-F43D-4608-91D9-31DA078A2F64}.Release|Any CPU.Build.0 = Release|Any CPU
	EndGlobalSection
	GlobalSection(SolutionProperties) = preSolution
		HideSolutionNode = FALSE
	EndGlobalSection
	GlobalSection(ExtensibilityGlobals) = postSolution
		SolutionGuid = {350EB566-F9FE-4532-94B6-B72D9FE7E980}
	EndGlobalSection
EndGlobal
